// !$*UTF8*$!
{
	archiveVersion = 1;
	classes = {
	};
	objectVersion = 56;
	objects = {

/* Begin PBXBuildFile section */
		1F0643D22AEC4E780096FBEE /* ReachabilityApp.swift in Sources */ = {isa = PBXBuildFile; fileRef = 1F0643D12AEC4E780096FBEE /* ReachabilityApp.swift */; };
		1F0643D42AEC4E780096FBEE /* ContentView.swift in Sources */ = {isa = PBXBuildFile; fileRef = 1F0643D32AEC4E780096FBEE /* ContentView.swift */; };
		1F0643D62AEC4E790096FBEE /* Assets.xcassets in Resources */ = {isa = PBXBuildFile; fileRef = 1F0643D52AEC4E790096FBEE /* Assets.xcassets */; };
		1F0643D92AEC4E790096FBEE /* Preview Assets.xcassets in Resources */ = {isa = PBXBuildFile; fileRef = 1F0643D82AEC4E790096FBEE /* Preview Assets.xcassets */; };
		1F0643E02AEC4EE30096FBEE /* ErrorView.swift in Sources */ = {isa = PBXBuildFile; fileRef = 1F0643DF2AEC4EE30096FBEE /* ErrorView.swift */; };
		1F0643E32AEC4F090096FBEE /* Lottie in Frameworks */ = {isa = PBXBuildFile; productRef = 1F0643E22AEC4F090096FBEE /* Lottie */; };
		1F0643E52AEC4F4E0096FBEE /* LottieView.swift in Sources */ = {isa = PBXBuildFile; fileRef = 1F0643E42AEC4F4E0096FBEE /* LottieView.swift */; };
		1F0643E82AEC50420096FBEE /* cat.json in Resources */ = {isa = PBXBuildFile; fileRef = 1F0643E72AEC50420096FBEE /* cat.json */; };
		1F0643EA2AEC52AB0096FBEE /* wifi.json in Resources */ = {isa = PBXBuildFile; fileRef = 1F0643E92AEC52AB0096FBEE /* wifi.json */; };
		1F0643EC2AEC592A0096FBEE /* banner.json in Resources */ = {isa = PBXBuildFile; fileRef = 1F0643EB2AEC592A0096FBEE /* banner.json */; };
		1F6EAA9A2AEDFF1800B8BED0 /* NetworkMonitor.swift in Sources */ = {isa = PBXBuildFile; fileRef = 1F6EAA992AEDFF1800B8BED0 /* NetworkMonitor.swift */; };
/* End PBXBuildFile section */

/* Begin PBXFileReference section */
		1F0643CE2AEC4E780096FBEE /* Reachability.app */ = {isa = PBXFileReference; explicitFileType = wrapper.application; includeInIndex = 0; path = Reachability.app; sourceTree = BUILT_PRODUCTS_DIR; };
		1F0643D12AEC4E780096FBEE /* ReachabilityApp.swift */ = {isa = PBXFileReference; lastKnownFileType = sourcecode.swift; path = ReachabilityApp.swift; sourceTree = "<group>"; };
		1F0643D32AEC4E780096FBEE /* ContentView.swift */ = {isa = PBXFileReference; lastKnownFileType = sourcecode.swift; path = ContentView.swift; sourceTree = "<group>"; };
		1F0643D52AEC4E790096FBEE /* Assets.xcassets */ = {isa = PBXFileReference; lastKnownFileType = folder.assetcatalog; path = Assets.xcassets; sourceTree = "<group>"; };
		1F0643D82AEC4E790096FBEE /* Preview Assets.xcassets */ = {isa = PBXFileReference; lastKnownFileType = folder.assetcatalog; path = "Preview Assets.xcassets"; sourceTree = "<group>"; };
		1F0643DF2AEC4EE30096FBEE /* ErrorView.swift */ = {isa = PBXFileReference; lastKnownFileType = sourcecode.swift; path = ErrorView.swift; sourceTree = "<group>"; };
		1F0643E42AEC4F4E0096FBEE /* LottieView.swift */ = {isa = PBXFileReference; fileEncoding = 4; lastKnownFileType = sourcecode.swift; path = LottieView.swift; sourceTree = "<group>"; };
		1F0643E72AEC50420096FBEE /* cat.json */ = {isa = PBXFileReference; fileEncoding = 4; lastKnownFileType = text.json; path = cat.json; sourceTree = "<group>"; };
		1F0643E92AEC52AB0096FBEE /* wifi.json */ = {isa = PBXFileReference; fileEncoding = 4; lastKnownFileType = text.json; path = wifi.json; sourceTree = "<group>"; };
		1F0643EB2AEC592A0096FBEE /* banner.json */ = {isa = PBXFileReference; fileEncoding = 4; lastKnownFileType = text.json; path = banner.json; sourceTree = "<group>"; };
		1F6EAA992AEDFF1800B8BED0 /* NetworkMonitor.swift */ = {isa = PBXFileReference; lastKnownFileType = sourcecode.swift; path = NetworkMonitor.swift; sourceTree = "<group>"; };
/* End PBXFileReference section */

/* Begin PBXFrameworksBuildPhase section */
		1F0643CB2AEC4E780096FBEE /* Frameworks */ = {
			isa = PBXFrameworksBuildPhase;
			buildActionMask = 2147483647;
			files = (
				1F0643E32AEC4F090096FBEE /* Lottie in Frameworks */,
			);
			runOnlyForDeploymentPostprocessing = 0;
		};
/* End PBXFrameworksBuildPhase section */

/* Begin PBXGroup section */
		1F0643C52AEC4E780096FBEE = {
			isa = PBXGroup;
			children = (
				1F0643D02AEC4E780096FBEE /* Reachability */,
				1F0643CF2AEC4E780096FBEE /* Products */,
			);
			sourceTree = "<group>";
		};
		1F0643CF2AEC4E780096FBEE /* Products */ = {
			isa = PBXGroup;
			children = (
				1F0643CE2AEC4E780096FBEE /* Reachability.app */,
			);
			name = Products;
			sourceTree = "<group>";
		};
		1F0643D02AEC4E780096FBEE /* Reachability */ = {
			isa = PBXGroup;
			children = (
				1F0643D12AEC4E780096FBEE /* ReachabilityApp.swift */,
				1F0643D32AEC4E780096FBEE /* ContentView.swift */,
				1F0643DF2AEC4EE30096FBEE /* ErrorView.swift */,
				1F6EAA992AEDFF1800B8BED0 /* NetworkMonitor.swift */,
				1F0643E62AEC4F520096FBEE /* LottieUIView */,
				1F0643D52AEC4E790096FBEE /* Assets.xcassets */,
				1F0643D72AEC4E790096FBEE /* Preview Content */,
			);
			path = Reachability;
			sourceTree = "<group>";
		};
		1F0643D72AEC4E790096FBEE /* Preview Content */ = {
			isa = PBXGroup;
			children = (
				1F0643D82AEC4E790096FBEE /* Preview Assets.xcassets */,
			);
			path = "Preview Content";
			sourceTree = "<group>";
		};
		1F0643E62AEC4F520096FBEE /* LottieUIView */ = {
			isa = PBXGroup;
			children = (
				1F0643E42AEC4F4E0096FBEE /* LottieView.swift */,
				1F0643EB2AEC592A0096FBEE /* banner.json */,
				1F0643E72AEC50420096FBEE /* cat.json */,
				1F0643E92AEC52AB0096FBEE /* wifi.json */,
			);
			path = LottieUIView;
			sourceTree = "<group>";
		};
/* End PBXGroup section */

/* Begin PBXNativeTarget section */
		1F0643CD2AEC4E780096FBEE /* Reachability */ = {
			isa = PBXNativeTarget;
			buildConfigurationList = 1F0643DC2AEC4E790096FBEE /* Build configuration list for PBXNativeTarget "Reachability" */;
			buildPhases = (
				1F0643CA2AEC4E780096FBEE /* Sources */,
				1F0643CB2AEC4E780096FBEE /* Frameworks */,
				1F0643CC2AEC4E780096FBEE /* Resources */,
			);
			buildRules = (
			);
			dependencies = (
			);
			name = Reachability;
			packageProductDependencies = (
				1F0643E22AEC4F090096FBEE /* Lottie */,
			);
			productName = Reachability;
			productReference = 1F0643CE2AEC4E780096FBEE /* Reachability.app */;
			productType = "com.apple.product-type.application";
		};
/* End PBXNativeTarget section */

/* Begin PBXProject section */
		1F0643C62AEC4E780096FBEE /* Project object */ = {
			isa = PBXProject;
			attributes = {
				BuildIndependentTargetsInParallel = 1;
				LastSwiftUpdateCheck = 1500;
				LastUpgradeCheck = 1500;
				TargetAttributes = {
					1F0643CD2AEC4E780096FBEE = {
						CreatedOnToolsVersion = 15.0.1;
					};
				};
			};
			buildConfigurationList = 1F0643C92AEC4E780096FBEE /* Build configuration list for PBXProject "Reachability" */;
			compatibilityVersion = "Xcode 14.0";
			developmentRegion = en;
			hasScannedForEncodings = 0;
			knownRegions = (
				en,
				Base,
			);
			mainGroup = 1F0643C52AEC4E780096FBEE;
			packageReferences = (
				1F0643E12AEC4F090096FBEE /* XCRemoteSwiftPackageReference "lottie-ios" */,
			);
			productRefGroup = 1F0643CF2AEC4E780096FBEE /* Products */;
			projectDirPath = "";
			projectRoot = "";
			targets = (
				1F0643CD2AEC4E780096FBEE /* Reachability */,
			);
		};
/* End PBXProject section */

/* Begin PBXResourcesBuildPhase section */
		1F0643CC2AEC4E780096FBEE /* Resources */ = {
			isa = PBXResourcesBuildPhase;
			buildActionMask = 2147483647;
			files = (
				1F0643EA2AEC52AB0096FBEE /* wifi.json in Resources */,
				1F0643D92AEC4E790096FBEE /* Preview Assets.xcassets in Resources */,
				1F0643D62AEC4E790096FBEE /* Assets.xcassets in Resources */,
				1F0643EC2AEC592A0096FBEE /* banner.json in Resources */,
				1F0643E82AEC50420096FBEE /* cat.json in Resources */,
			);
			runOnlyForDeploymentPostprocessing = 0;
		};
/* End PBXResourcesBuildPhase section */

/* Begin PBXSourcesBuildPhase section */
		1F0643CA2AEC4E780096FBEE /* Sources */ = {
			isa = PBXSourcesBuildPhase;
			buildActionMask = 2147483647;
			files = (
				1F0643D42AEC4E780096FBEE /* ContentView.swift in Sources */,
				1F0643E02AEC4EE30096FBEE /* ErrorView.swift in Sources */,
				1F6EAA9A2AEDFF1800B8BED0 /* NetworkMonitor.swift in Sources */,
				1F0643D22AEC4E780096FBEE /* ReachabilityApp.swift in Sources */,
				1F0643E52AEC4F4E0096FBEE /* LottieView.swift in Sources */,
			);
			runOnlyForDeploymentPostprocessing = 0;
		};
/* End PBXSourcesBuildPhase section */

/* Begin XCBuildConfiguration section */
		1F0643DA2AEC4E790096FBEE /* Debug */ = {
			isa = XCBuildConfiguration;
			buildSettings = {
				ALWAYS_SEARCH_USER_PATHS = NO;
				ASSETCATALOG_COMPILER_GENERATE_SWIFT_ASSET_SYMBOL_EXTENSIONS = YES;
				CLANG_ANALYZER_NONNULL = YES;
				CLANG_ANALYZER_NUMBER_OBJECT_CONVERSION = YES_AGGRESSIVE;
				CLANG_CXX_LANGUAGE_STANDARD = "gnu++20";
				CLANG_ENABLE_MODULES = YES;
				CLANG_ENABLE_OBJC_ARC = YES;
				CLANG_ENABLE_OBJC_WEAK = YES;
				CLANG_WARN_BLOCK_CAPTURE_AUTORELEASING = YES;
				CLANG_WARN_BOOL_CONVERSION = YES;
				CLANG_WARN_COMMA = YES;
				CLANG_WARN_CONSTANT_CONVERSION = YES;
				CLANG_WARN_DEPRECATED_OBJC_IMPLEMENTATIONS = YES;
				CLANG_WARN_DIRECT_OBJC_ISA_USAGE = YES_ERROR;
				CLANG_WARN_DOCUMENTATION_COMMENTS = YES;
				CLANG_WARN_EMPTY_BODY = YES;
				CLANG_WARN_ENUM_CONVERSION = YES;
				CLANG_WARN_INFINITE_RECURSION = YES;
				CLANG_WARN_INT_CONVERSION = YES;
				CLANG_WARN_NON_LITERAL_NULL_CONVERSION = YES;
				CLANG_WARN_OBJC_IMPLICIT_RETAIN_SELF = YES;
				CLANG_WARN_OBJC_LITERAL_CONVERSION = YES;
				CLANG_WARN_OBJC_ROOT_CLASS = YES_ERROR;
				CLANG_WARN_QUOTED_INCLUDE_IN_FRAMEWORK_HEADER = YES;
				CLANG_WARN_RANGE_LOOP_ANALYSIS = YES;
				CLANG_WARN_STRICT_PROTOTYPES = YES;
				CLANG_WARN_SUSPICIOUS_MOVE = YES;
				CLANG_WARN_UNGUARDED_AVAILABILITY = YES_AGGRESSIVE;
				CLANG_WARN_UNREACHABLE_CODE = YES;
				CLANG_WARN__DUPLICATE_METHOD_MATCH = YES;
				COPY_PHASE_STRIP = NO;
				DEBUG_INFORMATION_FORMAT = dwarf;
				ENABLE_STRICT_OBJC_MSGSEND = YES;
				ENABLE_TESTABILITY = YES;
				ENABLE_USER_SCRIPT_SANDBOXING = YES;
				GCC_C_LANGUAGE_STANDARD = gnu17;
				GCC_DYNAMIC_NO_PIC = NO;
				GCC_NO_COMMON_BLOCKS = YES;
				GCC_OPTIMIZATION_LEVEL = 0;
				GCC_PREPROCESSOR_DEFINITIONS = (
					"DEBUG=1",
					"$(inherited)",
				);
				GCC_WARN_64_TO_32_BIT_CONVERSION = YES;
				GCC_WARN_ABOUT_RETURN_TYPE = YES_ERROR;
				GCC_WARN_UNDECLARED_SELECTOR = YES;
				GCC_WARN_UNINITIALIZED_AUTOS = YES_AGGRESSIVE;
				GCC_WARN_UNUSED_FUNCTION = YES;
				GCC_WARN_UNUSED_VARIABLE = YES;
				IPHONEOS_DEPLOYMENT_TARGET = 17.0;
				LOCALIZATION_PREFERS_STRING_CATALOGS = YES;
				MTL_ENABLE_DEBUG_INFO = INCLUDE_SOURCE;
				MTL_FAST_MATH = YES;
				ONLY_ACTIVE_ARCH = YES;
				SDKROOT = iphoneos;
				SWIFT_ACTIVE_COMPILATION_CONDITIONS = "DEBUG $(inherited)";
				SWIFT_OPTIMIZATION_LEVEL = "-Onone";
			};
			name = Debug;
		};
		1F0643DB2AEC4E790096FBEE /* Release */ = {
			isa = XCBuildConfiguration;
			buildSettings = {
				ALWAYS_SEARCH_USER_PATHS = NO;
				ASSETCATALOG_COMPILER_GENERATE_SWIFT_ASSET_SYMBOL_EXTENSIONS = YES;
				CLANG_ANALYZER_NONNULL = YES;
				CLANG_ANALYZER_NUMBER_OBJECT_CONVERSION = YES_AGGRESSIVE;
				CLANG_CXX_LANGUAGE_STANDARD = "gnu++20";
				CLANG_ENABLE_MODULES = YES;
				CLANG_ENABLE_OBJC_ARC = YES;
				CLANG_ENABLE_OBJC_WEAK = YES;
				CLANG_WARN_BLOCK_CAPTURE_AUTORELEASING = YES;
				CLANG_WARN_BOOL_CONVERSION = YES;
				CLANG_WARN_COMMA = YES;
				CLANG_WARN_CONSTANT_CONVERSION = YES;
				CLANG_WARN_DEPRECATED_OBJC_IMPLEMENTATIONS = YES;
				CLANG_WARN_DIRECT_OBJC_ISA_USAGE = YES_ERROR;
				CLANG_WARN_DOCUMENTATION_COMMENTS = YES;
				CLANG_WARN_EMPTY_BODY = YES;
				CLANG_WARN_ENUM_CONVERSION = YES;
				CLANG_WARN_INFINITE_RECURSION = YES;
				CLANG_WARN_INT_CONVERSION = YES;
				CLANG_WARN_NON_LITERAL_NULL_CONVERSION = YES;
				CLANG_WARN_OBJC_IMPLICIT_RETAIN_SELF = YES;
				CLANG_WARN_OBJC_LITERAL_CONVERSION = YES;
				CLANG_WARN_OBJC_ROOT_CLASS = YES_ERROR;
				CLANG_WARN_QUOTED_INCLUDE_IN_FRAMEWORK_HEADER = YES;
				CLANG_WARN_RANGE_LOOP_ANALYSIS = YES;
				CLANG_WARN_STRICT_PROTOTYPES = YES;
				CLANG_WARN_SUSPICIOUS_MOVE = YES;
				CLANG_WARN_UNGUARDED_AVAILABILITY = YES_AGGRESSIVE;
				CLANG_WARN_UNREACHABLE_CODE = YES;
				CLANG_WARN__DUPLICATE_METHOD_MATCH = YES;
				COPY_PHASE_STRIP = NO;
				DEBUG_INFORMATION_FORMAT = "dwarf-with-dsym";
				ENABLE_NS_ASSERTIONS = NO;
				ENABLE_STRICT_OBJC_MSGSEND = YES;
				ENABLE_USER_SCRIPT_SANDBOXING = YES;
				GCC_C_LANGUAGE_STANDARD = gnu17;
				GCC_NO_COMMON_BLOCKS = YES;
				GCC_WARN_64_TO_32_BIT_CONVERSION = YES;
				GCC_WARN_ABOUT_RETURN_TYPE = YES_ERROR;
				GCC_WARN_UNDECLARED_SELECTOR = YES;
				GCC_WARN_UNINITIALIZED_AUTOS = YES_AGGRESSIVE;
				GCC_WARN_UNUSED_FUNCTION = YES;
				GCC_WARN_UNUSED_VARIABLE = YES;
				IPHONEOS_DEPLOYMENT_TARGET = 17.0;
				LOCALIZATION_PREFERS_STRING_CATALOGS = YES;
				MTL_ENABLE_DEBUG_INFO = NO;
				MTL_FAST_MATH = YES;
				SDKROOT = iphoneos;
				SWIFT_COMPILATION_MODE = wholemodule;
				VALIDATE_PRODUCT = YES;
			};
			name = Release;
		};
		1F0643DD2AEC4E790096FBEE /* Debug */ = {
			isa = XCBuildConfiguration;
			buildSettings = {
				ASSETCATALOG_COMPILER_APPICON_NAME = AppIcon;
				ASSETCATALOG_COMPILER_GLOBAL_ACCENT_COLOR_NAME = AccentColor;
				CODE_SIGN_STYLE = Automatic;
				CURRENT_PROJECT_VERSION = 1;
				DEVELOPMENT_ASSET_PATHS = "\"Reachability/Preview Content\"";
				DEVELOPMENT_TEAM = QL89RQK6AA;
				ENABLE_PREVIEWS = YES;
				GENERATE_INFOPLIST_FILE = YES;
				INFOPLIST_KEY_UIApplicationSceneManifest_Generation = YES;
				INFOPLIST_KEY_UIApplicationSupportsIndirectInputEvents = YES;
				INFOPLIST_KEY_UILaunchScreen_Generation = YES;
				INFOPLIST_KEY_UISupportedInterfaceOrientations_iPad = "UIInterfaceOrientationPortrait UIInterfaceOrientationPortraitUpsideDown UIInterfaceOrientationLandscapeLeft UIInterfaceOrientationLandscapeRight";
				INFOPLIST_KEY_UISupportedInterfaceOrientations_iPhone = "UIInterfaceOrientationPortrait UIInterfaceOrientationLandscapeLeft UIInterfaceOrientationLandscapeRight";
				LD_RUNPATH_SEARCH_PATHS = (
					"$(inherited)",
					"@executable_path/Frameworks",
				);
				MARKETING_VERSION = 1.0;
				PRODUCT_BUNDLE_IDENTIFIER = sb.Reachability;
				PRODUCT_NAME = "$(TARGET_NAME)";
				SWIFT_EMIT_LOC_STRINGS = YES;
				SWIFT_VERSION = 5.0;
				TARGETED_DEVICE_FAMILY = "1,2";
			};
			name = Debug;
		};
		1F0643DE2AEC4E790096FBEE /* Release */ = {
			isa = XCBuildConfiguration;
			buildSettings = {
				ASSETCATALOG_COMPILER_APPICON_NAME = AppIcon;
				ASSETCATALOG_COMPILER_GLOBAL_ACCENT_COLOR_NAME = AccentColor;
				CODE_SIGN_STYLE = Automatic;
				CURRENT_PROJECT_VERSION = 1;
				DEVELOPMENT_ASSET_PATHS = "\"Reachability/Preview Content\"";
				DEVELOPMENT_TEAM = QL89RQK6AA;
				ENABLE_PREVIEWS = YES;
				GENERATE_INFOPLIST_FILE = YES;
				INFOPLIST_KEY_UIApplicationSceneManifest_Generation = YES;
				INFOPLIST_KEY_UIApplicationSupportsIndirectInputEvents = YES;
				INFOPLIST_KEY_UILaunchScreen_Generation = YES;
				INFOPLIST_KEY_UISupportedInterfaceOrientations_iPad = "UIInterfaceOrientationPortrait UIInterfaceOrientationPortraitUpsideDown UIInterfaceOrientationLandscapeLeft UIInterfaceOrientationLandscapeRight";
				INFOPLIST_KEY_UISupportedInterfaceOrientations_iPhone = "UIInterfaceOrientationPortrait UIInterfaceOrientationLandscapeLeft UIInterfaceOrientationLandscapeRight";
				LD_RUNPATH_SEARCH_PATHS = (
					"$(inherited)",
					"@executable_path/Frameworks",
				);
				MARKETING_VERSION = 1.0;
				PRODUCT_BUNDLE_IDENTIFIER = sb.Reachability;
				PRODUCT_NAME = "$(TARGET_NAME)";
				SWIFT_EMIT_LOC_STRINGS = YES;
				SWIFT_VERSION = 5.0;
				TARGETED_DEVICE_FAMILY = "1,2";
			};
			name = Release;
		};
/* End XCBuildConfiguration section */

/* Begin XCConfigurationList section */
		1F0643C92AEC4E780096FBEE /* Build configuration list for PBXProject "Reachability" */ = {
			isa = XCConfigurationList;
			buildConfigurations = (
				1F0643DA2AEC4E790096FBEE /* Debug */,
				1F0643DB2AEC4E790096FBEE /* Release */,
			);
			defaultConfigurationIsVisible = 0;
			defaultConfigurationName = Release;
		};
		1F0643DC2AEC4E790096FBEE /* Build configuration list for PBXNativeTarget "Reachability" */ = {
			isa = XCConfigurationList;
			buildConfigurations = (
				1F0643DD2AEC4E790096FBEE /* Debug */,
				1F0643DE2AEC4E790096FBEE /* Release */,
			);
			defaultConfigurationIsVisible = 0;
			defaultConfigurationName = Release;
		};
/* End XCConfigurationList section */

/* Begin XCRemoteSwiftPackageReference section */
		1F0643E12AEC4F090096FBEE /* XCRemoteSwiftPackageReference "lottie-ios" */ = {
			isa = XCRemoteSwiftPackageReference;
			repositoryURL = "https://github.com/airbnb/lottie-ios.git";
			requirement = {
				kind = upToNextMajorVersion;
				minimumVersion = 4.3.3;
			};
		};
/* End XCRemoteSwiftPackageReference section */

/* Begin XCSwiftPackageProductDependency section */
		1F0643E22AEC4F090096FBEE /* Lottie */ = {
			isa = XCSwiftPackageProductDependency;
			package = 1F0643E12AEC4F090096FBEE /* XCRemoteSwiftPackageReference "lottie-ios" */;
			productName = Lottie;
		};
/* End XCSwiftPackageProductDependency section */
	};
	rootObject = 1F0643C62AEC4E780096FBEE /* Project object */;
}
